// !$*UTF8*$!
{
	archiveVersion = 1;
	classes = {
	};
	objectVersion = 48;
	objects = {

/* Begin PBXBuildFile section */
		04467488209A9F4F003FD00B /* AppDelegate.swift in Sources */ = {isa = PBXBuildFile; fileRef = 04467487209A9F4F003FD00B /* AppDelegate.swift */; };
		0446748A209A9F4F003FD00B /* ViewController.swift in Sources */ = {isa = PBXBuildFile; fileRef = 04467489209A9F4F003FD00B /* ViewController.swift */; };
		0446748D209A9F4F003FD00B /* Main.storyboard in Resources */ = {isa = PBXBuildFile; fileRef = 0446748B209A9F4F003FD00B /* Main.storyboard */; };
		0446748F209A9F4F003FD00B /* Assets.xcassets in Resources */ = {isa = PBXBuildFile; fileRef = 0446748E209A9F4F003FD00B /* Assets.xcassets */; };
		04467492209A9F4F003FD00B /* LaunchScreen.storyboard in Resources */ = {isa = PBXBuildFile; fileRef = 04467490209A9F4F003FD00B /* LaunchScreen.storyboard */; };
		0446749D209A9F50003FD00B /* sts_realm_swift_notebookTests.swift in Sources */ = {isa = PBXBuildFile; fileRef = 0446749C209A9F50003FD00B /* sts_realm_swift_notebookTests.swift */; };
		044674A8209A9F50003FD00B /* sts_realm_swift_notebookUITests.swift in Sources */ = {isa = PBXBuildFile; fileRef = 044674A7209A9F50003FD00B /* sts_realm_swift_notebookUITests.swift */; };
		044674B6209AB14A003FD00B /* NoteRow.swift in Sources */ = {isa = PBXBuildFile; fileRef = 044674B5209AB14A003FD00B /* NoteRow.swift */; };
		044674B8209AB7A0003FD00B /* AlertService.swift in Sources */ = {isa = PBXBuildFile; fileRef = 044674B7209AB7A0003FD00B /* AlertService.swift */; };
		049E18C120A2A5AB00C6968A /* Todo.swift in Sources */ = {isa = PBXBuildFile; fileRef = 049E18C020A2A5AB00C6968A /* Todo.swift */; };
		049E18C420A2A66400C6968A /* StudyRealmSwiftViewController.swift in Sources */ = {isa = PBXBuildFile; fileRef = 049E18C320A2A66400C6968A /* StudyRealmSwiftViewController.swift */; };
		049E18C820A2E45300C6968A /* User.swift in Sources */ = {isa = PBXBuildFile; fileRef = 049E18C720A2E45200C6968A /* User.swift */; };
		32185FB31993E0159891D197 /* Pods_sts_realm_swift_notebook.framework in Frameworks */ = {isa = PBXBuildFile; fileRef = 1DA79F18243580244919490B /* Pods_sts_realm_swift_notebook.framework */; };
		6E1C90C7209B5784009907F4 /* Note.swift in Sources */ = {isa = PBXBuildFile; fileRef = 6E1C90C6209B5784009907F4 /* Note.swift */; };
		6E1C90C9209B5C3E009907F4 /* RealmService.swift in Sources */ = {isa = PBXBuildFile; fileRef = 6E1C90C8209B5C3E009907F4 /* RealmService.swift */; };
		6E7C549B20AC6DF400BDC96D /* GCDViewController.swift in Sources */ = {isa = PBXBuildFile; fileRef = 6E7C549A20AC6DF400BDC96D /* GCDViewController.swift */; };
		6EF382D220A333C1007CE652 /* PrimaryKeyUtility.swift in Sources */ = {isa = PBXBuildFile; fileRef = 6EF382D120A333C1007CE652 /* PrimaryKeyUtility.swift */; };
		6EF382D420A34DF7007CE652 /* StudyRealmUtility.swift in Sources */ = {isa = PBXBuildFile; fileRef = 6EF382D320A34DF7007CE652 /* StudyRealmUtility.swift */; };
		926B06EDBE5902AA0A15EE57 /* Pods_sts_realm_swift_notebookUITests.framework in Frameworks */ = {isa = PBXBuildFile; fileRef = C9E8751CCFCB538E1E745128 /* Pods_sts_realm_swift_notebookUITests.framework */; };
		AE94DE3EC32A1E7268EA3B22 /* Pods_sts_realm_swift_notebookTests.framework in Frameworks */ = {isa = PBXBuildFile; fileRef = F25F4D2A3E054EA9C500963D /* Pods_sts_realm_swift_notebookTests.framework */; };
/* End PBXBuildFile section */

/* Begin PBXContainerItemProxy section */
		04467499209A9F50003FD00B /* PBXContainerItemProxy */ = {
			isa = PBXContainerItemProxy;
			containerPortal = 0446747C209A9F4F003FD00B /* Project object */;
			proxyType = 1;
			remoteGlobalIDString = 04467483209A9F4F003FD00B;
			remoteInfo = sts_realm_swift_notebook;
		};
		044674A4209A9F50003FD00B /* PBXContainerItemProxy */ = {
			isa = PBXContainerItemProxy;
			containerPortal = 0446747C209A9F4F003FD00B /* Project object */;
			proxyType = 1;
			remoteGlobalIDString = 04467483209A9F4F003FD00B;
			remoteInfo = sts_realm_swift_notebook;
		};
/* End PBXContainerItemProxy section */

/* Begin PBXFileReference section */
		04467484209A9F4F003FD00B /* sts_realm_swift_notebook.app */ = {isa = PBXFileReference; explicitFileType = wrapper.application; includeInIndex = 0; path = sts_realm_swift_notebook.app; sourceTree = BUILT_PRODUCTS_DIR; };
		04467487209A9F4F003FD00B /* AppDelegate.swift */ = {isa = PBXFileReference; lastKnownFileType = sourcecode.swift; path = AppDelegate.swift; sourceTree = "<group>"; };
		04467489209A9F4F003FD00B /* ViewController.swift */ = {isa = PBXFileReference; lastKnownFileType = sourcecode.swift; path = ViewController.swift; sourceTree = "<group>"; };
		0446748C209A9F4F003FD00B /* Base */ = {isa = PBXFileReference; lastKnownFileType = file.storyboard; name = Base; path = Base.lproj/Main.storyboard; sourceTree = "<group>"; };
		0446748E209A9F4F003FD00B /* Assets.xcassets */ = {isa = PBXFileReference; lastKnownFileType = folder.assetcatalog; path = Assets.xcassets; sourceTree = "<group>"; };
		04467491209A9F4F003FD00B /* Base */ = {isa = PBXFileReference; lastKnownFileType = file.storyboard; name = Base; path = Base.lproj/LaunchScreen.storyboard; sourceTree = "<group>"; };
		04467493209A9F4F003FD00B /* Info.plist */ = {isa = PBXFileReference; lastKnownFileType = text.plist.xml; path = Info.plist; sourceTree = "<group>"; };
		04467498209A9F50003FD00B /* sts_realm_swift_notebookTests.xctest */ = {isa = PBXFileReference; explicitFileType = wrapper.cfbundle; includeInIndex = 0; path = sts_realm_swift_notebookTests.xctest; sourceTree = BUILT_PRODUCTS_DIR; };
		0446749C209A9F50003FD00B /* sts_realm_swift_notebookTests.swift */ = {isa = PBXFileReference; lastKnownFileType = sourcecode.swift; path = sts_realm_swift_notebookTests.swift; sourceTree = "<group>"; };
		0446749E209A9F50003FD00B /* Info.plist */ = {isa = PBXFileReference; lastKnownFileType = text.plist.xml; path = Info.plist; sourceTree = "<group>"; };
		044674A3209A9F50003FD00B /* sts_realm_swift_notebookUITests.xctest */ = {isa = PBXFileReference; explicitFileType = wrapper.cfbundle; includeInIndex = 0; path = sts_realm_swift_notebookUITests.xctest; sourceTree = BUILT_PRODUCTS_DIR; };
		044674A7209A9F50003FD00B /* sts_realm_swift_notebookUITests.swift */ = {isa = PBXFileReference; lastKnownFileType = sourcecode.swift; path = sts_realm_swift_notebookUITests.swift; sourceTree = "<group>"; };
		044674A9209A9F50003FD00B /* Info.plist */ = {isa = PBXFileReference; lastKnownFileType = text.plist.xml; path = Info.plist; sourceTree = "<group>"; };
		044674B5209AB14A003FD00B /* NoteRow.swift */ = {isa = PBXFileReference; lastKnownFileType = sourcecode.swift; path = NoteRow.swift; sourceTree = "<group>"; };
		044674B7209AB7A0003FD00B /* AlertService.swift */ = {isa = PBXFileReference; lastKnownFileType = sourcecode.swift; path = AlertService.swift; sourceTree = "<group>"; };
		049E18C020A2A5AB00C6968A /* Todo.swift */ = {isa = PBXFileReference; lastKnownFileType = sourcecode.swift; path = Todo.swift; sourceTree = "<group>"; };
		049E18C320A2A66400C6968A /* StudyRealmSwiftViewController.swift */ = {isa = PBXFileReference; lastKnownFileType = sourcecode.swift; path = StudyRealmSwiftViewController.swift; sourceTree = "<group>"; };
		049E18C720A2E45200C6968A /* User.swift */ = {isa = PBXFileReference; lastKnownFileType = sourcecode.swift; path = User.swift; sourceTree = "<group>"; };
		0DD3FB066116D9C64B67DE22 /* Pods-sts_realm_swift_notebookTests.release.xcconfig */ = {isa = PBXFileReference; includeInIndex = 1; lastKnownFileType = text.xcconfig; name = "Pods-sts_realm_swift_notebookTests.release.xcconfig"; path = "Pods/Target Support Files/Pods-sts_realm_swift_notebookTests/Pods-sts_realm_swift_notebookTests.release.xcconfig"; sourceTree = "<group>"; };
		153A9AF3CDC376F8C4918D5A /* Pods-sts_realm_swift_notebookTests.debug.xcconfig */ = {isa = PBXFileReference; includeInIndex = 1; lastKnownFileType = text.xcconfig; name = "Pods-sts_realm_swift_notebookTests.debug.xcconfig"; path = "Pods/Target Support Files/Pods-sts_realm_swift_notebookTests/Pods-sts_realm_swift_notebookTests.debug.xcconfig"; sourceTree = "<group>"; };
		1DA79F18243580244919490B /* Pods_sts_realm_swift_notebook.framework */ = {isa = PBXFileReference; explicitFileType = wrapper.framework; includeInIndex = 0; path = Pods_sts_realm_swift_notebook.framework; sourceTree = BUILT_PRODUCTS_DIR; };
		3FE122DA95BAFE904498A834 /* Pods-sts_realm_swift_notebook.debug.xcconfig */ = {isa = PBXFileReference; includeInIndex = 1; lastKnownFileType = text.xcconfig; name = "Pods-sts_realm_swift_notebook.debug.xcconfig"; path = "Pods/Target Support Files/Pods-sts_realm_swift_notebook/Pods-sts_realm_swift_notebook.debug.xcconfig"; sourceTree = "<group>"; };
		407918D416298201901A22B7 /* Pods-sts_realm_swift_notebook.release.xcconfig */ = {isa = PBXFileReference; includeInIndex = 1; lastKnownFileType = text.xcconfig; name = "Pods-sts_realm_swift_notebook.release.xcconfig"; path = "Pods/Target Support Files/Pods-sts_realm_swift_notebook/Pods-sts_realm_swift_notebook.release.xcconfig"; sourceTree = "<group>"; };
		40AB872F0B2A13C536014339 /* Pods-sts_realm_swift_notebookUITests.debug.xcconfig */ = {isa = PBXFileReference; includeInIndex = 1; lastKnownFileType = text.xcconfig; name = "Pods-sts_realm_swift_notebookUITests.debug.xcconfig"; path = "Pods/Target Support Files/Pods-sts_realm_swift_notebookUITests/Pods-sts_realm_swift_notebookUITests.debug.xcconfig"; sourceTree = "<group>"; };
		555782AD078DB665C7ED9CA6 /* Pods-sts_realm_swift_notebookUITests.release.xcconfig */ = {isa = PBXFileReference; includeInIndex = 1; lastKnownFileType = text.xcconfig; name = "Pods-sts_realm_swift_notebookUITests.release.xcconfig"; path = "Pods/Target Support Files/Pods-sts_realm_swift_notebookUITests/Pods-sts_realm_swift_notebookUITests.release.xcconfig"; sourceTree = "<group>"; };
		6E1C90C6209B5784009907F4 /* Note.swift */ = {isa = PBXFileReference; fileEncoding = 4; lastKnownFileType = sourcecode.swift; path = Note.swift; sourceTree = "<group>"; };
		6E1C90C8209B5C3E009907F4 /* RealmService.swift */ = {isa = PBXFileReference; lastKnownFileType = sourcecode.swift; path = RealmService.swift; sourceTree = "<group>"; };
		6E7C549A20AC6DF400BDC96D /* GCDViewController.swift */ = {isa = PBXFileReference; lastKnownFileType = sourcecode.swift; path = GCDViewController.swift; sourceTree = "<group>"; };
		6EF382D120A333C1007CE652 /* PrimaryKeyUtility.swift */ = {isa = PBXFileReference; lastKnownFileType = sourcecode.swift; path = PrimaryKeyUtility.swift; sourceTree = "<group>"; };
		6EF382D320A34DF7007CE652 /* StudyRealmUtility.swift */ = {isa = PBXFileReference; lastKnownFileType = sourcecode.swift; path = StudyRealmUtility.swift; sourceTree = "<group>"; };
		C9E8751CCFCB538E1E745128 /* Pods_sts_realm_swift_notebookUITests.framework */ = {isa = PBXFileReference; explicitFileType = wrapper.framework; includeInIndex = 0; path = Pods_sts_realm_swift_notebookUITests.framework; sourceTree = BUILT_PRODUCTS_DIR; };
		F25F4D2A3E054EA9C500963D /* Pods_sts_realm_swift_notebookTests.framework */ = {isa = PBXFileReference; explicitFileType = wrapper.framework; includeInIndex = 0; path = Pods_sts_realm_swift_notebookTests.framework; sourceTree = BUILT_PRODUCTS_DIR; };
/* End PBXFileReference section */

/* Begin PBXFrameworksBuildPhase section */
		04467481209A9F4F003FD00B /* Frameworks */ = {
			isa = PBXFrameworksBuildPhase;
			buildActionMask = 2147483647;
			files = (
				32185FB31993E0159891D197 /* Pods_sts_realm_swift_notebook.framework in Frameworks */,
			);
			runOnlyForDeploymentPostprocessing = 0;
		};
		04467495209A9F50003FD00B /* Frameworks */ = {
			isa = PBXFrameworksBuildPhase;
			buildActionMask = 2147483647;
			files = (
				AE94DE3EC32A1E7268EA3B22 /* Pods_sts_realm_swift_notebookTests.framework in Frameworks */,
			);
			runOnlyForDeploymentPostprocessing = 0;
		};
		044674A0209A9F50003FD00B /* Frameworks */ = {
			isa = PBXFrameworksBuildPhase;
			buildActionMask = 2147483647;
			files = (
				926B06EDBE5902AA0A15EE57 /* Pods_sts_realm_swift_notebookUITests.framework in Frameworks */,
			);
			runOnlyForDeploymentPostprocessing = 0;
		};
/* End PBXFrameworksBuildPhase section */

/* Begin PBXGroup section */
		0446747B209A9F4F003FD00B = {
			isa = PBXGroup;
			children = (
				04467486209A9F4F003FD00B /* sts_realm_swift_notebook */,
				0446749B209A9F50003FD00B /* sts_realm_swift_notebookTests */,
				044674A6209A9F50003FD00B /* sts_realm_swift_notebookUITests */,
				04467485209A9F4F003FD00B /* Products */,
				DBFA26F617AA2C57E6735198 /* Pods */,
				B6439E5EA8DAF36EC4867E1E /* Frameworks */,
			);
			sourceTree = "<group>";
		};
		04467485209A9F4F003FD00B /* Products */ = {
			isa = PBXGroup;
			children = (
				04467484209A9F4F003FD00B /* sts_realm_swift_notebook.app */,
				04467498209A9F50003FD00B /* sts_realm_swift_notebookTests.xctest */,
				044674A3209A9F50003FD00B /* sts_realm_swift_notebookUITests.xctest */,
			);
			name = Products;
			sourceTree = "<group>";
		};
		04467486209A9F4F003FD00B /* sts_realm_swift_notebook */ = {
			isa = PBXGroup;
			children = (
				6E7C549920AC6D9E00BDC96D /* GCD */,
				049E18BE20A2A56A00C6968A /* StudyRealm */,
				6E1C90C6209B5784009907F4 /* Note.swift */,
				04467487209A9F4F003FD00B /* AppDelegate.swift */,
				04467489209A9F4F003FD00B /* ViewController.swift */,
				0446748B209A9F4F003FD00B /* Main.storyboard */,
				0446748E209A9F4F003FD00B /* Assets.xcassets */,
				04467490209A9F4F003FD00B /* LaunchScreen.storyboard */,
				04467493209A9F4F003FD00B /* Info.plist */,
				044674B5209AB14A003FD00B /* NoteRow.swift */,
				044674B7209AB7A0003FD00B /* AlertService.swift */,
				6E1C90C8209B5C3E009907F4 /* RealmService.swift */,
			);
			path = sts_realm_swift_notebook;
			sourceTree = "<group>";
		};
		0446749B209A9F50003FD00B /* sts_realm_swift_notebookTests */ = {
			isa = PBXGroup;
			children = (
				0446749C209A9F50003FD00B /* sts_realm_swift_notebookTests.swift */,
				0446749E209A9F50003FD00B /* Info.plist */,
			);
			path = sts_realm_swift_notebookTests;
			sourceTree = "<group>";
		};
		044674A6209A9F50003FD00B /* sts_realm_swift_notebookUITests */ = {
			isa = PBXGroup;
			children = (
				044674A7209A9F50003FD00B /* sts_realm_swift_notebookUITests.swift */,
				044674A9209A9F50003FD00B /* Info.plist */,
			);
			path = sts_realm_swift_notebookUITests;
			sourceTree = "<group>";
		};
		049E18BE20A2A56A00C6968A /* StudyRealm */ = {
			isa = PBXGroup;
			children = (
				6EF382D020A33327007CE652 /* Utilities */,
				049E18C220A2A63F00C6968A /* Controllers */,
				049E18BF20A2A58800C6968A /* Models */,
			);
			path = StudyRealm;
			sourceTree = "<group>";
		};
		049E18BF20A2A58800C6968A /* Models */ = {
			isa = PBXGroup;
			children = (
				049E18C020A2A5AB00C6968A /* Todo.swift */,
				049E18C720A2E45200C6968A /* User.swift */,
			);
			path = Models;
			sourceTree = "<group>";
		};
		049E18C220A2A63F00C6968A /* Controllers */ = {
			isa = PBXGroup;
			children = (
				049E18C320A2A66400C6968A /* StudyRealmSwiftViewController.swift */,
			);
			path = Controllers;
			sourceTree = "<group>";
		};
		6E7C549920AC6D9E00BDC96D /* GCD */ = {
			isa = PBXGroup;
			children = (
				6E7C549A20AC6DF400BDC96D /* GCDViewController.swift */,
			);
			path = GCD;
			sourceTree = "<group>";
		};
		6EF382D020A33327007CE652 /* Utilities */ = {
			isa = PBXGroup;
			children = (
				6EF382D120A333C1007CE652 /* PrimaryKeyUtility.swift */,
				6EF382D320A34DF7007CE652 /* StudyRealmUtility.swift */,
			);
			path = Utilities;
			sourceTree = "<group>";
		};
		B6439E5EA8DAF36EC4867E1E /* Frameworks */ = {
			isa = PBXGroup;
			children = (
				1DA79F18243580244919490B /* Pods_sts_realm_swift_notebook.framework */,
				F25F4D2A3E054EA9C500963D /* Pods_sts_realm_swift_notebookTests.framework */,
				C9E8751CCFCB538E1E745128 /* Pods_sts_realm_swift_notebookUITests.framework */,
			);
			name = Frameworks;
			sourceTree = "<group>";
		};
		DBFA26F617AA2C57E6735198 /* Pods */ = {
			isa = PBXGroup;
			children = (
				3FE122DA95BAFE904498A834 /* Pods-sts_realm_swift_notebook.debug.xcconfig */,
				407918D416298201901A22B7 /* Pods-sts_realm_swift_notebook.release.xcconfig */,
				153A9AF3CDC376F8C4918D5A /* Pods-sts_realm_swift_notebookTests.debug.xcconfig */,
				0DD3FB066116D9C64B67DE22 /* Pods-sts_realm_swift_notebookTests.release.xcconfig */,
				40AB872F0B2A13C536014339 /* Pods-sts_realm_swift_notebookUITests.debug.xcconfig */,
				555782AD078DB665C7ED9CA6 /* Pods-sts_realm_swift_notebookUITests.release.xcconfig */,
			);
			name = Pods;
			sourceTree = "<group>";
		};
/* End PBXGroup section */

/* Begin PBXNativeTarget section */
		04467483209A9F4F003FD00B /* sts_realm_swift_notebook */ = {
			isa = PBXNativeTarget;
			buildConfigurationList = 044674AC209A9F50003FD00B /* Build configuration list for PBXNativeTarget "sts_realm_swift_notebook" */;
			buildPhases = (
				4B678F2B6A7892D63277C6B4 /* [CP] Check Pods Manifest.lock */,
				04467480209A9F4F003FD00B /* Sources */,
				04467481209A9F4F003FD00B /* Frameworks */,
				04467482209A9F4F003FD00B /* Resources */,
				2A28CDDDC0E7D8D2E662164B /* [CP] Embed Pods Frameworks */,
				81AB8F99D1D117A459D3B7C3 /* [CP] Copy Pods Resources */,
			);
			buildRules = (
			);
			dependencies = (
			);
			name = sts_realm_swift_notebook;
			productName = sts_realm_swift_notebook;
			productReference = 04467484209A9F4F003FD00B /* sts_realm_swift_notebook.app */;
			productType = "com.apple.product-type.application";
		};
		04467497209A9F50003FD00B /* sts_realm_swift_notebookTests */ = {
			isa = PBXNativeTarget;
			buildConfigurationList = 044674AF209A9F50003FD00B /* Build configuration list for PBXNativeTarget "sts_realm_swift_notebookTests" */;
			buildPhases = (
				33360D6757A49C6841E79DB3 /* [CP] Check Pods Manifest.lock */,
				04467494209A9F50003FD00B /* Sources */,
				04467495209A9F50003FD00B /* Frameworks */,
				04467496209A9F50003FD00B /* Resources */,
				C244B7045D1827CA48FE4778 /* [CP] Embed Pods Frameworks */,
				3287E14000F2496D268E57BE /* [CP] Copy Pods Resources */,
			);
			buildRules = (
			);
			dependencies = (
				0446749A209A9F50003FD00B /* PBXTargetDependency */,
			);
			name = sts_realm_swift_notebookTests;
			productName = sts_realm_swift_notebookTests;
			productReference = 04467498209A9F50003FD00B /* sts_realm_swift_notebookTests.xctest */;
			productType = "com.apple.product-type.bundle.unit-test";
		};
		044674A2209A9F50003FD00B /* sts_realm_swift_notebookUITests */ = {
			isa = PBXNativeTarget;
			buildConfigurationList = 044674B2209A9F50003FD00B /* Build configuration list for PBXNativeTarget "sts_realm_swift_notebookUITests" */;
			buildPhases = (
				9BB9CDFD7481F009CB5B4A9E /* [CP] Check Pods Manifest.lock */,
				0446749F209A9F50003FD00B /* Sources */,
				044674A0209A9F50003FD00B /* Frameworks */,
				044674A1209A9F50003FD00B /* Resources */,
				6C7A618F8C8A89FAD021FC6F /* [CP] Embed Pods Frameworks */,
				754715ACFF83398629808984 /* [CP] Copy Pods Resources */,
			);
			buildRules = (
			);
			dependencies = (
				044674A5209A9F50003FD00B /* PBXTargetDependency */,
			);
			name = sts_realm_swift_notebookUITests;
			productName = sts_realm_swift_notebookUITests;
			productReference = 044674A3209A9F50003FD00B /* sts_realm_swift_notebookUITests.xctest */;
			productType = "com.apple.product-type.bundle.ui-testing";
		};
/* End PBXNativeTarget section */

/* Begin PBXProject section */
		0446747C209A9F4F003FD00B /* Project object */ = {
			isa = PBXProject;
			attributes = {
				LastSwiftUpdateCheck = 0920;
				LastUpgradeCheck = 0920;
				ORGANIZATIONNAME = mac;
				TargetAttributes = {
					04467483209A9F4F003FD00B = {
						CreatedOnToolsVersion = 9.2;
						ProvisioningStyle = Automatic;
					};
					04467497209A9F50003FD00B = {
						CreatedOnToolsVersion = 9.2;
						ProvisioningStyle = Automatic;
						TestTargetID = 04467483209A9F4F003FD00B;
					};
					044674A2209A9F50003FD00B = {
						CreatedOnToolsVersion = 9.2;
						ProvisioningStyle = Automatic;
						TestTargetID = 04467483209A9F4F003FD00B;
					};
				};
			};
			buildConfigurationList = 0446747F209A9F4F003FD00B /* Build configuration list for PBXProject "sts_realm_swift_notebook" */;
			compatibilityVersion = "Xcode 8.0";
			developmentRegion = en;
			hasScannedForEncodings = 0;
			knownRegions = (
				en,
				Base,
			);
			mainGroup = 0446747B209A9F4F003FD00B;
			productRefGroup = 04467485209A9F4F003FD00B /* Products */;
			projectDirPath = "";
			projectRoot = "";
			targets = (
				04467483209A9F4F003FD00B /* sts_realm_swift_notebook */,
				04467497209A9F50003FD00B /* sts_realm_swift_notebookTests */,
				044674A2209A9F50003FD00B /* sts_realm_swift_notebookUITests */,
			);
		};
/* End PBXProject section */

/* Begin PBXResourcesBuildPhase section */
		04467482209A9F4F003FD00B /* Resources */ = {
			isa = PBXResourcesBuildPhase;
			buildActionMask = 2147483647;
			files = (
				04467492209A9F4F003FD00B /* LaunchScreen.storyboard in Resources */,
				0446748F209A9F4F003FD00B /* Assets.xcassets in Resources */,
				0446748D209A9F4F003FD00B /* Main.storyboard in Resources */,
			);
			runOnlyForDeploymentPostprocessing = 0;
		};
		04467496209A9F50003FD00B /* Resources */ = {
			isa = PBXResourcesBuildPhase;
			buildActionMask = 2147483647;
			files = (
			);
			runOnlyForDeploymentPostprocessing = 0;
		};
		044674A1209A9F50003FD00B /* Resources */ = {
			isa = PBXResourcesBuildPhase;
			buildActionMask = 2147483647;
			files = (
			);
			runOnlyForDeploymentPostprocessing = 0;
		};
/* End PBXResourcesBuildPhase section */

/* Begin PBXShellScriptBuildPhase section */
		2A28CDDDC0E7D8D2E662164B /* [CP] Embed Pods Frameworks */ = {
			isa = PBXShellScriptBuildPhase;
			buildActionMask = 2147483647;
			files = (
			);
			inputPaths = (
				"${SRCROOT}/Pods/Target Support Files/Pods-sts_realm_swift_notebook/Pods-sts_realm_swift_notebook-frameworks.sh",
				"${BUILT_PRODUCTS_DIR}/Realm/Realm.framework",
				"${BUILT_PRODUCTS_DIR}/RealmSwift/RealmSwift.framework",
			);
			name = "[CP] Embed Pods Frameworks";
			outputPaths = (
				"${TARGET_BUILD_DIR}/${FRAMEWORKS_FOLDER_PATH}/Realm.framework",
				"${TARGET_BUILD_DIR}/${FRAMEWORKS_FOLDER_PATH}/RealmSwift.framework",
			);
			runOnlyForDeploymentPostprocessing = 0;
			shellPath = /bin/sh;
			shellScript = "\"${SRCROOT}/Pods/Target Support Files/Pods-sts_realm_swift_notebook/Pods-sts_realm_swift_notebook-frameworks.sh\"\n";
			showEnvVarsInLog = 0;
		};
		3287E14000F2496D268E57BE /* [CP] Copy Pods Resources */ = {
			isa = PBXShellScriptBuildPhase;
			buildActionMask = 2147483647;
			files = (
			);
			inputPaths = (
			);
			name = "[CP] Copy Pods Resources";
			outputPaths = (
			);
			runOnlyForDeploymentPostprocessing = 0;
			shellPath = /bin/sh;
			shellScript = "\"${SRCROOT}/Pods/Target Support Files/Pods-sts_realm_swift_notebookTests/Pods-sts_realm_swift_notebookTests-resources.sh\"\n";
			showEnvVarsInLog = 0;
		};
		33360D6757A49C6841E79DB3 /* [CP] Check Pods Manifest.lock */ = {
			isa = PBXShellScriptBuildPhase;
			buildActionMask = 2147483647;
			files = (
			);
			inputPaths = (
				"${PODS_PODFILE_DIR_PATH}/Podfile.lock",
				"${PODS_ROOT}/Manifest.lock",
			);
			name = "[CP] Check Pods Manifest.lock";
			outputPaths = (
				"$(DERIVED_FILE_DIR)/Pods-sts_realm_swift_notebookTests-checkManifestLockResult.txt",
			);
			runOnlyForDeploymentPostprocessing = 0;
			shellPath = /bin/sh;
			shellScript = "diff \"${PODS_PODFILE_DIR_PATH}/Podfile.lock\" \"${PODS_ROOT}/Manifest.lock\" > /dev/null\nif [ $? != 0 ] ; then\n    # print error to STDERR\n    echo \"error: The sandbox is not in sync with the Podfile.lock. Run 'pod install' or update your CocoaPods installation.\" >&2\n    exit 1\nfi\n# This output is used by Xcode 'outputs' to avoid re-running this script phase.\necho \"SUCCESS\" > \"${SCRIPT_OUTPUT_FILE_0}\"\n";
			showEnvVarsInLog = 0;
		};
		4B678F2B6A7892D63277C6B4 /* [CP] Check Pods Manifest.lock */ = {
			isa = PBXShellScriptBuildPhase;
			buildActionMask = 2147483647;
			files = (
			);
			inputPaths = (
				"${PODS_PODFILE_DIR_PATH}/Podfile.lock",
				"${PODS_ROOT}/Manifest.lock",
			);
			name = "[CP] Check Pods Manifest.lock";
			outputPaths = (
				"$(DERIVED_FILE_DIR)/Pods-sts_realm_swift_notebook-checkManifestLockResult.txt",
			);
			runOnlyForDeploymentPostprocessing = 0;
			shellPath = /bin/sh;
			shellScript = "diff \"${PODS_PODFILE_DIR_PATH}/Podfile.lock\" \"${PODS_ROOT}/Manifest.lock\" > /dev/null\nif [ $? != 0 ] ; then\n    # print error to STDERR\n    echo \"error: The sandbox is not in sync with the Podfile.lock. Run 'pod install' or update your CocoaPods installation.\" >&2\n    exit 1\nfi\n# This output is used by Xcode 'outputs' to avoid re-running this script phase.\necho \"SUCCESS\" > \"${SCRIPT_OUTPUT_FILE_0}\"\n";
			showEnvVarsInLog = 0;
		};
		6C7A618F8C8A89FAD021FC6F /* [CP] Embed Pods Frameworks */ = {
			isa = PBXShellScriptBuildPhase;
			buildActionMask = 2147483647;
			files = (
			);
			inputPaths = (
			);
			name = "[CP] Embed Pods Frameworks";
			outputPaths = (
			);
			runOnlyForDeploymentPostprocessing = 0;
			shellPath = /bin/sh;
			shellScript = "\"${SRCROOT}/Pods/Target Support Files/Pods-sts_realm_swift_notebookUITests/Pods-sts_realm_swift_notebookUITests-frameworks.sh\"\n";
			showEnvVarsInLog = 0;
		};
		754715ACFF83398629808984 /* [CP] Copy Pods Resources */ = {
			isa = PBXShellScriptBuildPhase;
			buildActionMask = 2147483647;
			files = (
			);
			inputPaths = (
			);
			name = "[CP] Copy Pods Resources";
			outputPaths = (
			);
			runOnlyForDeploymentPostprocessing = 0;
			shellPath = /bin/sh;
			shellScript = "\"${SRCROOT}/Pods/Target Support Files/Pods-sts_realm_swift_notebookUITests/Pods-sts_realm_swift_notebookUITests-resources.sh\"\n";
			showEnvVarsInLog = 0;
		};
		81AB8F99D1D117A459D3B7C3 /* [CP] Copy Pods Resources */ = {
			isa = PBXShellScriptBuildPhase;
			buildActionMask = 2147483647;
			files = (
			);
			inputPaths = (
			);
			name = "[CP] Copy Pods Resources";
			outputPaths = (
			);
			runOnlyForDeploymentPostprocessing = 0;
			shellPath = /bin/sh;
			shellScript = "\"${SRCROOT}/Pods/Target Support Files/Pods-sts_realm_swift_notebook/Pods-sts_realm_swift_notebook-resources.sh\"\n";
			showEnvVarsInLog = 0;
		};
		9BB9CDFD7481F009CB5B4A9E /* [CP] Check Pods Manifest.lock */ = {
			isa = PBXShellScriptBuildPhase;
			buildActionMask = 2147483647;
			files = (
			);
			inputPaths = (
				"${PODS_PODFILE_DIR_PATH}/Podfile.lock",
				"${PODS_ROOT}/Manifest.lock",
			);
			name = "[CP] Check Pods Manifest.lock";
			outputPaths = (
				"$(DERIVED_FILE_DIR)/Pods-sts_realm_swift_notebookUITests-checkManifestLockResult.txt",
			);
			runOnlyForDeploymentPostprocessing = 0;
			shellPath = /bin/sh;
			shellScript = "diff \"${PODS_PODFILE_DIR_PATH}/Podfile.lock\" \"${PODS_ROOT}/Manifest.lock\" > /dev/null\nif [ $? != 0 ] ; then\n    # print error to STDERR\n    echo \"error: The sandbox is not in sync with the Podfile.lock. Run 'pod install' or update your CocoaPods installation.\" >&2\n    exit 1\nfi\n# This output is used by Xcode 'outputs' to avoid re-running this script phase.\necho \"SUCCESS\" > \"${SCRIPT_OUTPUT_FILE_0}\"\n";
			showEnvVarsInLog = 0;
		};
		C244B7045D1827CA48FE4778 /* [CP] Embed Pods Frameworks */ = {
			isa = PBXShellScriptBuildPhase;
			buildActionMask = 2147483647;
			files = (
			);
			inputPaths = (
			);
			name = "[CP] Embed Pods Frameworks";
			outputPaths = (
			);
			runOnlyForDeploymentPostprocessing = 0;
			shellPath = /bin/sh;
			shellScript = "\"${SRCROOT}/Pods/Target Support Files/Pods-sts_realm_swift_notebookTests/Pods-sts_realm_swift_notebookTests-frameworks.sh\"\n";
			showEnvVarsInLog = 0;
		};
/* End PBXShellScriptBuildPhase section */

/* Begin PBXSourcesBuildPhase section */
		04467480209A9F4F003FD00B /* Sources */ = {
			isa = PBXSourcesBuildPhase;
			buildActionMask = 2147483647;
			files = (
				6E1C90C7209B5784009907F4 /* Note.swift in Sources */,
				049E18C120A2A5AB00C6968A /* Todo.swift in Sources */,
				6E1C90C9209B5C3E009907F4 /* RealmService.swift in Sources */,
				044674B6209AB14A003FD00B /* NoteRow.swift in Sources */,
				049E18C420A2A66400C6968A /* StudyRealmSwiftViewController.swift in Sources */,
				6EF382D220A333C1007CE652 /* PrimaryKeyUtility.swift in Sources */,
				049E18C820A2E45300C6968A /* User.swift in Sources */,
				0446748A209A9F4F003FD00B /* ViewController.swift in Sources */,
				6EF382D420A34DF7007CE652 /* StudyRealmUtility.swift in Sources */,
				044674B8209AB7A0003FD00B /* AlertService.swift in Sources */,
				04467488209A9F4F003FD00B /* AppDelegate.swift in Sources */,
				6E7C549B20AC6DF400BDC96D /* GCDViewController.swift in Sources */,
			);
			runOnlyForDeploymentPostprocessing = 0;
		};
		04467494209A9F50003FD00B /* Sources */ = {
			isa = PBXSourcesBuildPhase;
			buildActionMask = 2147483647;
			files = (
				0446749D209A9F50003FD00B /* sts_realm_swift_notebookTests.swift in Sources */,
			);
			runOnlyForDeploymentPostprocessing = 0;
		};
		0446749F209A9F50003FD00B /* Sources */ = {
			isa = PBXSourcesBuildPhase;
			buildActionMask = 2147483647;
			files = (
				044674A8209A9F50003FD00B /* sts_realm_swift_notebookUITests.swift in Sources */,
			);
			runOnlyForDeploymentPostprocessing = 0;
		};
/* End PBXSourcesBuildPhase section */

/* Begin PBXTargetDependency section */
		0446749A209A9F50003FD00B /* PBXTargetDependency */ = {
			isa = PBXTargetDependency;
			target = 04467483209A9F4F003FD00B /* sts_realm_swift_notebook */;
			targetProxy = 04467499209A9F50003FD00B /* PBXContainerItemProxy */;
		};
		044674A5209A9F50003FD00B /* PBXTargetDependency */ = {
			isa = PBXTargetDependency;
			target = 04467483209A9F4F003FD00B /* sts_realm_swift_notebook */;
			targetProxy = 044674A4209A9F50003FD00B /* PBXContainerItemProxy */;
		};
/* End PBXTargetDependency section */

/* Begin PBXVariantGroup section */
		0446748B209A9F4F003FD00B /* Main.storyboard */ = {
			isa = PBXVariantGroup;
			children = (
				0446748C209A9F4F003FD00B /* Base */,
			);
			name = Main.storyboard;
			sourceTree = "<group>";
		};
		04467490209A9F4F003FD00B /* LaunchScreen.storyboard */ = {
			isa = PBXVariantGroup;
			children = (
				04467491209A9F4F003FD00B /* Base */,
			);
			name = LaunchScreen.storyboard;
			sourceTree = "<group>";
		};
/* End PBXVariantGroup section */

/* Begin XCBuildConfiguration section */
		044674AA209A9F50003FD00B /* Debug */ = {
			isa = XCBuildConfiguration;
			buildSettings = {
				ALWAYS_SEARCH_USER_PATHS = NO;
				CLANG_ANALYZER_NONNULL = YES;
				CLANG_ANALYZER_NUMBER_OBJECT_CONVERSION = YES_AGGRESSIVE;
				CLANG_CXX_LANGUAGE_STANDARD = "gnu++14";
				CLANG_CXX_LIBRARY = "libc++";
				CLANG_ENABLE_MODULES = YES;
				CLANG_ENABLE_OBJC_ARC = YES;
				CLANG_WARN_BLOCK_CAPTURE_AUTORELEASING = YES;
				CLANG_WARN_BOOL_CONVERSION = YES;
				CLANG_WARN_COMMA = YES;
				CLANG_WARN_CONSTANT_CONVERSION = YES;
				CLANG_WARN_DIRECT_OBJC_ISA_USAGE = YES_ERROR;
				CLANG_WARN_DOCUMENTATION_COMMENTS = YES;
				CLANG_WARN_EMPTY_BODY = YES;
				CLANG_WARN_ENUM_CONVERSION = YES;
				CLANG_WARN_INFINITE_RECURSION = YES;
				CLANG_WARN_INT_CONVERSION = YES;
				CLANG_WARN_NON_LITERAL_NULL_CONVERSION = YES;
				CLANG_WARN_OBJC_LITERAL_CONVERSION = YES;
				CLANG_WARN_OBJC_ROOT_CLASS = YES_ERROR;
				CLANG_WARN_RANGE_LOOP_ANALYSIS = YES;
				CLANG_WARN_STRICT_PROTOTYPES = YES;
				CLANG_WARN_SUSPICIOUS_MOVE = YES;
				CLANG_WARN_UNGUARDED_AVAILABILITY = YES_AGGRESSIVE;
				CLANG_WARN_UNREACHABLE_CODE = YES;
				CLANG_WARN__DUPLICATE_METHOD_MATCH = YES;
				CODE_SIGN_IDENTITY = "iPhone Developer";
				COPY_PHASE_STRIP = NO;
				DEBUG_INFORMATION_FORMAT = dwarf;
				ENABLE_STRICT_OBJC_MSGSEND = YES;
				ENABLE_TESTABILITY = YES;
				GCC_C_LANGUAGE_STANDARD = gnu11;
				GCC_DYNAMIC_NO_PIC = NO;
				GCC_NO_COMMON_BLOCKS = YES;
				GCC_OPTIMIZATION_LEVEL = 0;
				GCC_PREPROCESSOR_DEFINITIONS = (
					"DEBUG=1",
					"$(inherited)",
				);
				GCC_WARN_64_TO_32_BIT_CONVERSION = YES;
				GCC_WARN_ABOUT_RETURN_TYPE = YES_ERROR;
				GCC_WARN_UNDECLARED_SELECTOR = YES;
				GCC_WARN_UNINITIALIZED_AUTOS = YES_AGGRESSIVE;
				GCC_WARN_UNUSED_FUNCTION = YES;
				GCC_WARN_UNUSED_VARIABLE = YES;
				IPHONEOS_DEPLOYMENT_TARGET = 11.2;
				MTL_ENABLE_DEBUG_INFO = YES;
				ONLY_ACTIVE_ARCH = YES;
				SDKROOT = iphoneos;
				SWIFT_ACTIVE_COMPILATION_CONDITIONS = DEBUG;
				SWIFT_OPTIMIZATION_LEVEL = "-Onone";
			};
			name = Debug;
		};
		044674AB209A9F50003FD00B /* Release */ = {
			isa = XCBuildConfiguration;
			buildSettings = {
				ALWAYS_SEARCH_USER_PATHS = NO;
				CLANG_ANALYZER_NONNULL = YES;
				CLANG_ANALYZER_NUMBER_OBJECT_CONVERSION = YES_AGGRESSIVE;
				CLANG_CXX_LANGUAGE_STANDARD = "gnu++14";
				CLANG_CXX_LIBRARY = "libc++";
				CLANG_ENABLE_MODULES = YES;
				CLANG_ENABLE_OBJC_ARC = YES;
				CLANG_WARN_BLOCK_CAPTURE_AUTORELEASING = YES;
				CLANG_WARN_BOOL_CONVERSION = YES;
				CLANG_WARN_COMMA = YES;
				CLANG_WARN_CONSTANT_CONVERSION = YES;
				CLANG_WARN_DIRECT_OBJC_ISA_USAGE = YES_ERROR;
				CLANG_WARN_DOCUMENTATION_COMMENTS = YES;
				CLANG_WARN_EMPTY_BODY = YES;
				CLANG_WARN_ENUM_CONVERSION = YES;
				CLANG_WARN_INFINITE_RECURSION = YES;
				CLANG_WARN_INT_CONVERSION = YES;
				CLANG_WARN_NON_LITERAL_NULL_CONVERSION = YES;
				CLANG_WARN_OBJC_LITERAL_CONVERSION = YES;
				CLANG_WARN_OBJC_ROOT_CLASS = YES_ERROR;
				CLANG_WARN_RANGE_LOOP_ANALYSIS = YES;
				CLANG_WARN_STRICT_PROTOTYPES = YES;
				CLANG_WARN_SUSPICIOUS_MOVE = YES;
				CLANG_WARN_UNGUARDED_AVAILABILITY = YES_AGGRESSIVE;
				CLANG_WARN_UNREACHABLE_CODE = YES;
				CLANG_WARN__DUPLICATE_METHOD_MATCH = YES;
				CODE_SIGN_IDENTITY = "iPhone Developer";
				COPY_PHASE_STRIP = NO;
				DEBUG_INFORMATION_FORMAT = "dwarf-with-dsym";
				ENABLE_NS_ASSERTIONS = NO;
				ENABLE_STRICT_OBJC_MSGSEND = YES;
				GCC_C_LANGUAGE_STANDARD = gnu11;
				GCC_NO_COMMON_BLOCKS = YES;
				GCC_WARN_64_TO_32_BIT_CONVERSION = YES;
				GCC_WARN_ABOUT_RETURN_TYPE = YES_ERROR;
				GCC_WARN_UNDECLARED_SELECTOR = YES;
				GCC_WARN_UNINITIALIZED_AUTOS = YES_AGGRESSIVE;
				GCC_WARN_UNUSED_FUNCTION = YES;
				GCC_WARN_UNUSED_VARIABLE = YES;
				IPHONEOS_DEPLOYMENT_TARGET = 11.2;
				MTL_ENABLE_DEBUG_INFO = NO;
				SDKROOT = iphoneos;
				SWIFT_OPTIMIZATION_LEVEL = "-Owholemodule";
				VALIDATE_PRODUCT = YES;
			};
			name = Release;
		};
		044674AD209A9F50003FD00B /* Debug */ = {
			isa = XCBuildConfiguration;
			baseConfigurationReference = 3FE122DA95BAFE904498A834 /* Pods-sts_realm_swift_notebook.debug.xcconfig */;
			buildSettings = {
				ASSETCATALOG_COMPILER_APPICON_NAME = AppIcon;
				CODE_SIGN_STYLE = Automatic;
				INFOPLIST_FILE = sts_realm_swift_notebook/Info.plist;
				LD_RUNPATH_SEARCH_PATHS = "$(inherited) @executable_path/Frameworks";
				PRODUCT_BUNDLE_IDENTIFIER = "sts.sts-realm-swift-notebook";
				PRODUCT_NAME = "$(TARGET_NAME)";
				SWIFT_VERSION = 4.0;
				TARGETED_DEVICE_FAMILY = "1,2";
			};
			name = Debug;
		};
		044674AE209A9F50003FD00B /* Release */ = {
			isa = XCBuildConfiguration;
			baseConfigurationReference = 407918D416298201901A22B7 /* Pods-sts_realm_swift_notebook.release.xcconfig */;
			buildSettings = {
				ASSETCATALOG_COMPILER_APPICON_NAME = AppIcon;
				CODE_SIGN_STYLE = Automatic;
				INFOPLIST_FILE = sts_realm_swift_notebook/Info.plist;
				LD_RUNPATH_SEARCH_PATHS = "$(inherited) @executable_path/Frameworks";
				PRODUCT_BUNDLE_IDENTIFIER = "sts.sts-realm-swift-notebook";
				PRODUCT_NAME = "$(TARGET_NAME)";
				SWIFT_VERSION = 4.0;
				TARGETED_DEVICE_FAMILY = "1,2";
			};
			name = Release;
		};
		044674B0209A9F50003FD00B /* Debug */ = {
			isa = XCBuildConfiguration;
			baseConfigurationReference = 153A9AF3CDC376F8C4918D5A /* Pods-sts_realm_swift_notebookTests.debug.xcconfig */;
			buildSettings = {
				ALWAYS_EMBED_SWIFT_STANDARD_LIBRARIES = YES;
				BUNDLE_LOADER = "$(TEST_HOST)";
				CODE_SIGN_STYLE = Automatic;
				INFOPLIST_FILE = sts_realm_swift_notebookTests/Info.plist;
				LD_RUNPATH_SEARCH_PATHS = "$(inherited) @executable_path/Frameworks @loader_path/Frameworks";
				PRODUCT_BUNDLE_IDENTIFIER = "sts.sts-realm-swift-notebookTests";
				PRODUCT_NAME = "$(TARGET_NAME)";
				SWIFT_VERSION = 4.0;
				TARGETED_DEVICE_FAMILY = "1,2";
				TEST_HOST = "$(BUILT_PRODUCTS_DIR)/sts_realm_swift_notebook.app/sts_realm_swift_notebook";
			};
			name = Debug;
		};
		044674B1209A9F50003FD00B /* Release */ = {
			isa = XCBuildConfiguration;
			baseConfigurationReference = 0DD3FB066116D9C64B67DE22 /* Pods-sts_realm_swift_notebookTests.release.xcconfig */;
			buildSettings = {
				ALWAYS_EMBED_SWIFT_STANDARD_LIBRARIES = YES;
				BUNDLE_LOADER = "$(TEST_HOST)";
				CODE_SIGN_STYLE = Automatic;
				INFOPLIST_FILE = sts_realm_swift_notebookTests/Info.plist;
				LD_RUNPATH_SEARCH_PATHS = "$(inherited) @executable_path/Frameworks @loader_path/Frameworks";
				PRODUCT_BUNDLE_IDENTIFIER = "sts.sts-realm-swift-notebookTests";
				PRODUCT_NAME = "$(TARGET_NAME)";
				SWIFT_VERSION = 4.0;
				TARGETED_DEVICE_FAMILY = "1,2";
				TEST_HOST = "$(BUILT_PRODUCTS_DIR)/sts_realm_swift_notebook.app/sts_realm_swift_notebook";
			};
			name = Release;
		};
		044674B3209A9F50003FD00B /* Debug */ = {
			isa = XCBuildConfiguration;
			baseConfigurationReference = 40AB872F0B2A13C536014339 /* Pods-sts_realm_swift_notebookUITests.debug.xcconfig */;
			buildSettings = {
				ALWAYS_EMBED_SWIFT_STANDARD_LIBRARIES = YES;
				CODE_SIGN_STYLE = Automatic;
				INFOPLIST_FILE = sts_realm_swift_notebookUITests/Info.plist;
				LD_RUNPATH_SEARCH_PATHS = "$(inherited) @executable_path/Frameworks @loader_path/Frameworks";
				PRODUCT_BUNDLE_IDENTIFIER = "sts.sts-realm-swift-notebookUITests";
				PRODUCT_NAME = "$(TARGET_NAME)";
				SWIFT_VERSION = 4.0;
				TARGETED_DEVICE_FAMILY = "1,2";
				TEST_TARGET_NAME = sts_realm_swift_notebook;
			};
			name = Debug;
		};
		044674B4209A9F50003FD00B /* Release */ = {
			isa = XCBuildConfiguration;
			baseConfigurationReference = 555782AD078DB665C7ED9CA6 /* Pods-sts_realm_swift_notebookUITests.release.xcconfig */;
			buildSettings = {
				ALWAYS_EMBED_SWIFT_STANDARD_LIBRARIES = YES;
				CODE_SIGN_STYLE = Automatic;
				INFOPLIST_FILE = sts_realm_swift_notebookUITests/Info.plist;
				LD_RUNPATH_SEARCH_PATHS = "$(inherited) @executable_path/Frameworks @loader_path/Frameworks";
				PRODUCT_BUNDLE_IDENTIFIER = "sts.sts-realm-swift-notebookUITests";
				PRODUCT_NAME = "$(TARGET_NAME)";
				SWIFT_VERSION = 4.0;
				TARGETED_DEVICE_FAMILY = "1,2";
				TEST_TARGET_NAME = sts_realm_swift_notebook;
			};
			name = Release;
		};
/* End XCBuildConfiguration section */

/* Begin XCConfigurationList section */
		0446747F209A9F4F003FD00B /* Build configuration list for PBXProject "sts_realm_swift_notebook" */ = {
			isa = XCConfigurationList;
			buildConfigurations = (
				044674AA209A9F50003FD00B /* Debug */,
				044674AB209A9F50003FD00B /* Release */,
			);
			defaultConfigurationIsVisible = 0;
			defaultConfigurationName = Release;
		};
		044674AC209A9F50003FD00B /* Build configuration list for PBXNativeTarget "sts_realm_swift_notebook" */ = {
			isa = XCConfigurationList;
			buildConfigurations = (
				044674AD209A9F50003FD00B /* Debug */,
				044674AE209A9F50003FD00B /* Release */,
			);
			defaultConfigurationIsVisible = 0;
			defaultConfigurationName = Release;
		};
		044674AF209A9F50003FD00B /* Build configuration list for PBXNativeTarget "sts_realm_swift_notebookTests" */ = {
			isa = XCConfigurationList;
			buildConfigurations = (
				044674B0209A9F50003FD00B /* Debug */,
				044674B1209A9F50003FD00B /* Release */,
			);
			defaultConfigurationIsVisible = 0;
			defaultConfigurationName = Release;
		};
		044674B2209A9F50003FD00B /* Build configuration list for PBXNativeTarget "sts_realm_swift_notebookUITests" */ = {
			isa = XCConfigurationList;
			buildConfigurations = (
				044674B3209A9F50003FD00B /* Debug */,
				044674B4209A9F50003FD00B /* Release */,
			);
			defaultConfigurationIsVisible = 0;
			defaultConfigurationName = Release;
		};
/* End XCConfigurationList section */
	};
	rootObject = 0446747C209A9F4F003FD00B /* Project object */;
}
